bitbucket.org/mjl/httpasset v0.0.4 h1:RGC3qmLN7dy/+2IOK7+iEfcTdhLokv4tyHFL3qZKqtg=
bitbucket.org/mjl/httpasset v0.0.4/go.mod h1:nSvZtCTm54qwqO2OEfDFjghxUp0v8Mh3KhPPFqe2pqI=
bitbucket.org/mjl/sherpa v0.4.1 h1:FyDMu3ecP60yYx6YRfoBw7H5ZH722NwHXZDBN/gfikI=
bitbucket.org/mjl/sherpa v0.4.1/go.mod h1:dW2SWy7s4cdzeI+eEDS2gK58KAjYGMGaDsr5yMOhw38=
