{
  "requires": true,
  "lockfileVersion": 1,
  "dependencies": {
    "@mjl-/tuit": {
      "version": "0.0.4",
      "resolved": "https://registry.npmjs.org/@mjl-/tuit/-/tuit-0.0.4.tgz",
      "integrity": "sha512-MBa8AgSyTV1aGUikkIHXE7RNA9bcps+dcd421MLOqutZwe2rAj+1DayGl9avYnXNGfp6gP8PXNvic+adRJRxHQ==",
      "requires": {
        "csstype": "^2.6.4"
      }
    },
    "csstype": {
      "version": "2.6.4",
      "resolved": "https://registry.npmjs.org/csstype/-/csstype-2.6.4.tgz",
      "integrity": "sha512-lAJUJP3M6HxFXbqtGRc0iZrdyeN+WzOWeY0q/VnFzI+kqVrYIzC7bWlKqCW7oCIdzoPkvfp82EVvrTlQ8zsWQg=="
    }
  }
}
